
Microsoft Visual Studio Solution File, Format Version 12.00
# Visual Studio Version 17
VisualStudioVersion = 17.3.32819.101
MinimumVisualStudioVersion = 10.0.40219.1
Project("{2150E333-8FDC-42A3-9474-1A3956D46DE8}") = "Services", "Services", "{65F7DD18-1995-40DD-ABAD-FAF8D2C91289}"
EndProject
Project("{2150E333-8FDC-42A3-9474-1A3956D46DE8}") = "Flight", "Flight", "{F73DF00B-62B0-4C62-A490-46459942B016}"
EndProject
Project("{9A19103F-16F7-4668-BE54-9A1E7A4F7556}") = "Flight", "Services\Flight\Flight\Flight.csproj", "{17B21A07-9ECE-4A4B-93FA-23E880CB0D42}"
EndProject
Project("{9A19103F-16F7-4668-BE54-9A1E7A4F7556}") = "Flight.Models", "Services\Flight\Flight.Models\Flight.Models.csproj", "{B1CF60E9-4828-452F-83CE-79D55BC0FAC9}"
EndProject
Project("{9A19103F-16F7-4668-BE54-9A1E7A4F7556}") = "Flight.Business", "Services\Flight\Flight.Business\Flight.Business.csproj", "{13A5FC9C-80D0-4782-B027-D24610B4F88D}"
EndProject
Project("{9A19103F-16F7-4668-BE54-9A1E7A4F7556}") = "Flight.Repository", "Services\Flight\Flight.Repository\Flight.Repository.csproj", "{C1F18609-AB93-4D41-9E56-80B486934FEE}"
EndProject
Project("{9A19103F-16F7-4668-BE54-9A1E7A4F7556}") = "Flight.DTOs", "Services\Flight\Flight.DTOs\Flight.DTOs.csproj", "{941C8676-1BDC-42DA-A3B3-558F534EB8AC}"
EndProject
Project("{9A19103F-16F7-4668-BE54-9A1E7A4F7556}") = "Flight.Infrastructure", "Services\Flight\Flight.Infrastructure\Flight.Infrastructure.csproj", "{C0898345-6C59-4022-8F52-C4AAF1259EF1}"
EndProject
Project("{2150E333-8FDC-42A3-9474-1A3956D46DE8}") = "FlightFolio", "FlightFolio", "{3499EE78-C9EA-4877-859F-70FF0C75784F}"
EndProject
Project("{9A19103F-16F7-4668-BE54-9A1E7A4F7556}") = "FlightFolio.Business", "Services\FlightFolio\FlightFolio.Business\FlightFolio.Business.csproj", "{3F9133A2-10E1-4EFE-BFF4-A8EDA1D64CEC}"
EndProject
Project("{9A19103F-16F7-4668-BE54-9A1E7A4F7556}") = "FlightFolio.DTOs", "Services\FlightFolio\FlightFolio.DTOs\FlightFolio.DTOs.csproj", "{C2D59E6A-69CC-4E16-BF27-41AB4818C455}"
EndProject
Project("{9A19103F-16F7-4668-BE54-9A1E7A4F7556}") = "FlightFolio.Infrastructure", "Services\FlightFolio\FlightFolio.Infrastructure\FlightFolio.Infrastructure.csproj", "{5CB4E689-D9FC-4E4A-AA85-AE2CAC9164CE}"
EndProject
Project("{9A19103F-16F7-4668-BE54-9A1E7A4F7556}") = "FlightFolio.Repository", "Services\FlightFolio\FlightFolio.Repository\FlightFolio.Repository.csproj", "{6B8C0291-EDEF-4151-A4FE-10454EFE25FF}"
EndProject
Project("{9A19103F-16F7-4668-BE54-9A1E7A4F7556}") = "FlightFolio.Models", "Services\FlightFolio\FlightFolio.Models\FlightFolio.Models.csproj", "{9A599650-8B75-4CD4-AAAC-630E25A870F9}"
EndProject
Project("{9A19103F-16F7-4668-BE54-9A1E7A4F7556}") = "FlightFolio", "Services\FlightFolio\FlightFolio\FlightFolio.csproj", "{E6E83A97-C7E2-44EB-A015-190A8D4AB46A}"
EndProject
Project("{9A19103F-16F7-4668-BE54-9A1E7A4F7556}") = "Flight.MessageService", "Services\Flight\Flight.MessageService\Flight.MessageService.csproj", "{8623BCA6-A17D-4507-9F17-EB96013CF05C}"
EndProject
Project("{9A19103F-16F7-4668-BE54-9A1E7A4F7556}") = "FlightFolio.MessageService", "Services\FlightFolio\FlightFolio.MessageService\FlightFolio.MessageService.csproj", "{F4D99743-2981-4E27-98D7-09621FC3ECC7}"
EndProject
Project("{2150E333-8FDC-42A3-9474-1A3956D46DE8}") = "Users", "Users", "{6FFA96F7-AEAC-4D15-8FDE-09682815D20B}"
EndProject
Project("{9A19103F-16F7-4668-BE54-9A1E7A4F7556}") = "FlightIdentity", "Services\Users\FlightIdentity\FlightIdentity.csproj", "{D5CA2B52-A1D9-4805-9A78-7D328510A92C}"
EndProject
Project("{9A19103F-16F7-4668-BE54-9A1E7A4F7556}") = "FlightIdentity.Services", "Services\Users\FlightIdentity.Services\FlightIdentity.Services.csproj", "{0D1DE717-77C8-45DB-B905-E41E49245742}"
EndProject
Project("{9A19103F-16F7-4668-BE54-9A1E7A4F7556}") = "FlightIdentity.Models", "Services\Users\FlightIdentity.Models\FlightIdentity.Models.csproj", "{AF0D39C7-08E9-4701-B621-7B603178D337}"
EndProject
Project("{9A19103F-16F7-4668-BE54-9A1E7A4F7556}") = "FlightIdentity.DTOs", "Services\Users\FlightIdentity.DTOs\FlightIdentity.DTOs.csproj", "{0FB3F652-2884-4D86-B089-8CB779055332}"
EndProject
Project("{9A19103F-16F7-4668-BE54-9A1E7A4F7556}") = "FlightIdentity.Infrastructure", "Services\Users\FlightIdentity.Infrastructure\FlightIdentity.Infrastructure.csproj", "{CC3B430F-9553-439D-BD37-2C8DFB174F69}"
EndProject
Project("{2150E333-8FDC-42A3-9474-1A3956D46DE8}") = "Presentation", "Presentation", "{C7222EFE-F165-48C4-9888-A80FD5652D1B}"
EndProject
Project("{FAE04EC0-301F-11D3-BF4B-00C04F79EFBC}") = "AirlineManagementSystem", "Services\Presentation\AirlineManagementSystem\AirlineManagementSystem.csproj", "{F663E3EF-ED7C-42B5-8EB1-2C1ACD5217FB}"
EndProject
Global
	GlobalSection(SolutionConfigurationPlatforms) = preSolution
		Debug|Any CPU = Debug|Any CPU
		Release|Any CPU = Release|Any CPU
	EndGlobalSection
	GlobalSection(ProjectConfigurationPlatforms) = postSolution
		{17B21A07-9ECE-4A4B-93FA-23E880CB0D42}.Debug|Any CPU.ActiveCfg = Debug|Any CPU
		{17B21A07-9ECE-4A4B-93FA-23E880CB0D42}.Debug|Any CPU.Build.0 = Debug|Any CPU
		{17B21A07-9ECE-4A4B-93FA-23E880CB0D42}.Release|Any CPU.ActiveCfg = Release|Any CPU
		{17B21A07-9ECE-4A4B-93FA-23E880CB0D42}.Release|Any CPU.Build.0 = Release|Any CPU
		{B1CF60E9-4828-452F-83CE-79D55BC0FAC9}.Debug|Any CPU.ActiveCfg = Debug|Any CPU
		{B1CF60E9-4828-452F-83CE-79D55BC0FAC9}.Debug|Any CPU.Build.0 = Debug|Any CPU
		{B1CF60E9-4828-452F-83CE-79D55BC0FAC9}.Release|Any CPU.ActiveCfg = Release|Any CPU
		{B1CF60E9-4828-452F-83CE-79D55BC0FAC9}.Release|Any CPU.Build.0 = Release|Any CPU
		{13A5FC9C-80D0-4782-B027-D24610B4F88D}.Debug|Any CPU.ActiveCfg = Debug|Any CPU
		{13A5FC9C-80D0-4782-B027-D24610B4F88D}.Debug|Any CPU.Build.0 = Debug|Any CPU
		{13A5FC9C-80D0-4782-B027-D24610B4F88D}.Release|Any CPU.ActiveCfg = Release|Any CPU
		{13A5FC9C-80D0-4782-B027-D24610B4F88D}.Release|Any CPU.Build.0 = Release|Any CPU
		{C1F18609-AB93-4D41-9E56-80B486934FEE}.Debug|Any CPU.ActiveCfg = Debug|Any CPU
		{C1F18609-AB93-4D41-9E56-80B486934FEE}.Debug|Any CPU.Build.0 = Debug|Any CPU
		{C1F18609-AB93-4D41-9E56-80B486934FEE}.Release|Any CPU.ActiveCfg = Release|Any CPU
		{C1F18609-AB93-4D41-9E56-80B486934FEE}.Release|Any CPU.Build.0 = Release|Any CPU
		{941C8676-1BDC-42DA-A3B3-558F534EB8AC}.Debug|Any CPU.ActiveCfg = Debug|Any CPU
		{941C8676-1BDC-42DA-A3B3-558F534EB8AC}.Debug|Any CPU.Build.0 = Debug|Any CPU
		{941C8676-1BDC-42DA-A3B3-558F534EB8AC}.Release|Any CPU.ActiveCfg = Release|Any CPU
		{941C8676-1BDC-42DA-A3B3-558F534EB8AC}.Release|Any CPU.Build.0 = Release|Any CPU
		{C0898345-6C59-4022-8F52-C4AAF1259EF1}.Debug|Any CPU.ActiveCfg = Debug|Any CPU
		{C0898345-6C59-4022-8F52-C4AAF1259EF1}.Debug|Any CPU.Build.0 = Debug|Any CPU
		{C0898345-6C59-4022-8F52-C4AAF1259EF1}.Release|Any CPU.ActiveCfg = Release|Any CPU
		{C0898345-6C59-4022-8F52-C4AAF1259EF1}.Release|Any CPU.Build.0 = Release|Any CPU
		{3F9133A2-10E1-4EFE-BFF4-A8EDA1D64CEC}.Debug|Any CPU.ActiveCfg = Debug|Any CPU
		{3F9133A2-10E1-4EFE-BFF4-A8EDA1D64CEC}.Debug|Any CPU.Build.0 = Debug|Any CPU
		{3F9133A2-10E1-4EFE-BFF4-A8EDA1D64CEC}.Release|Any CPU.ActiveCfg = Release|Any CPU
		{3F9133A2-10E1-4EFE-BFF4-A8EDA1D64CEC}.Release|Any CPU.Build.0 = Release|Any CPU
		{C2D59E6A-69CC-4E16-BF27-41AB4818C455}.Debug|Any CPU.ActiveCfg = Debug|Any CPU
		{C2D59E6A-69CC-4E16-BF27-41AB4818C455}.Debug|Any CPU.Build.0 = Debug|Any CPU
		{C2D59E6A-69CC-4E16-BF27-41AB4818C455}.Release|Any CPU.ActiveCfg = Release|Any CPU
		{C2D59E6A-69CC-4E16-BF27-41AB4818C455}.Release|Any CPU.Build.0 = Release|Any CPU
		{5CB4E689-D9FC-4E4A-AA85-AE2CAC9164CE}.Debug|Any CPU.ActiveCfg = Debug|Any CPU
		{5CB4E689-D9FC-4E4A-AA85-AE2CAC9164CE}.Debug|Any CPU.Build.0 = Debug|Any CPU
		{5CB4E689-D9FC-4E4A-AA85-AE2CAC9164CE}.Release|Any CPU.ActiveCfg = Release|Any CPU
		{5CB4E689-D9FC-4E4A-AA85-AE2CAC9164CE}.Release|Any CPU.Build.0 = Release|Any CPU
		{6B8C0291-EDEF-4151-A4FE-10454EFE25FF}.Debug|Any CPU.ActiveCfg = Debug|Any CPU
		{6B8C0291-EDEF-4151-A4FE-10454EFE25FF}.Debug|Any CPU.Build.0 = Debug|Any CPU
		{6B8C0291-EDEF-4151-A4FE-10454EFE25FF}.Release|Any CPU.ActiveCfg = Release|Any CPU
		{6B8C0291-EDEF-4151-A4FE-10454EFE25FF}.Release|Any CPU.Build.0 = Release|Any CPU
		{9A599650-8B75-4CD4-AAAC-630E25A870F9}.Debug|Any CPU.ActiveCfg = Debug|Any CPU
		{9A599650-8B75-4CD4-AAAC-630E25A870F9}.Debug|Any CPU.Build.0 = Debug|Any CPU
		{9A599650-8B75-4CD4-AAAC-630E25A870F9}.Release|Any CPU.ActiveCfg = Release|Any CPU
		{9A599650-8B75-4CD4-AAAC-630E25A870F9}.Release|Any CPU.Build.0 = Release|Any CPU
		{E6E83A97-C7E2-44EB-A015-190A8D4AB46A}.Debug|Any CPU.ActiveCfg = Debug|Any CPU
		{E6E83A97-C7E2-44EB-A015-190A8D4AB46A}.Debug|Any CPU.Build.0 = Debug|Any CPU
		{E6E83A97-C7E2-44EB-A015-190A8D4AB46A}.Release|Any CPU.ActiveCfg = Release|Any CPU
		{E6E83A97-C7E2-44EB-A015-190A8D4AB46A}.Release|Any CPU.Build.0 = Release|Any CPU
		{8623BCA6-A17D-4507-9F17-EB96013CF05C}.Debug|Any CPU.ActiveCfg = Debug|Any CPU
		{8623BCA6-A17D-4507-9F17-EB96013CF05C}.Debug|Any CPU.Build.0 = Debug|Any CPU
		{8623BCA6-A17D-4507-9F17-EB96013CF05C}.Release|Any CPU.ActiveCfg = Release|Any CPU
		{8623BCA6-A17D-4507-9F17-EB96013CF05C}.Release|Any CPU.Build.0 = Release|Any CPU
		{F4D99743-2981-4E27-98D7-09621FC3ECC7}.Debug|Any CPU.ActiveCfg = Debug|Any CPU
		{F4D99743-2981-4E27-98D7-09621FC3ECC7}.Debug|Any CPU.Build.0 = Debug|Any CPU
		{F4D99743-2981-4E27-98D7-09621FC3ECC7}.Release|Any CPU.ActiveCfg = Release|Any CPU
		{F4D99743-2981-4E27-98D7-09621FC3ECC7}.Release|Any CPU.Build.0 = Release|Any CPU
		{D5CA2B52-A1D9-4805-9A78-7D328510A92C}.Debug|Any CPU.ActiveCfg = Debug|Any CPU
		{D5CA2B52-A1D9-4805-9A78-7D328510A92C}.Debug|Any CPU.Build.0 = Debug|Any CPU
		{D5CA2B52-A1D9-4805-9A78-7D328510A92C}.Release|Any CPU.ActiveCfg = Release|Any CPU
		{D5CA2B52-A1D9-4805-9A78-7D328510A92C}.Release|Any CPU.Build.0 = Release|Any CPU
		{0D1DE717-77C8-45DB-B905-E41E49245742}.Debug|Any CPU.ActiveCfg = Debug|Any CPU
		{0D1DE717-77C8-45DB-B905-E41E49245742}.Debug|Any CPU.Build.0 = Debug|Any CPU
		{0D1DE717-77C8-45DB-B905-E41E49245742}.Release|Any CPU.ActiveCfg = Release|Any CPU
		{0D1DE717-77C8-45DB-B905-E41E49245742}.Release|Any CPU.Build.0 = Release|Any CPU
		{AF0D39C7-08E9-4701-B621-7B603178D337}.Debug|Any CPU.ActiveCfg = Debug|Any CPU
		{AF0D39C7-08E9-4701-B621-7B603178D337}.Debug|Any CPU.Build.0 = Debug|Any CPU
		{AF0D39C7-08E9-4701-B621-7B603178D337}.Release|Any CPU.ActiveCfg = Release|Any CPU
		{AF0D39C7-08E9-4701-B621-7B603178D337}.Release|Any CPU.Build.0 = Release|Any CPU
		{0FB3F652-2884-4D86-B089-8CB779055332}.Debug|Any CPU.ActiveCfg = Debug|Any CPU
		{0FB3F652-2884-4D86-B089-8CB779055332}.Debug|Any CPU.Build.0 = Debug|Any CPU
		{0FB3F652-2884-4D86-B089-8CB779055332}.Release|Any CPU.ActiveCfg = Release|Any CPU
		{0FB3F652-2884-4D86-B089-8CB779055332}.Release|Any CPU.Build.0 = Release|Any CPU
		{CC3B430F-9553-439D-BD37-2C8DFB174F69}.Debug|Any CPU.ActiveCfg = Debug|Any CPU
		{CC3B430F-9553-439D-BD37-2C8DFB174F69}.Debug|Any CPU.Build.0 = Debug|Any CPU
		{CC3B430F-9553-439D-BD37-2C8DFB174F69}.Release|Any CPU.ActiveCfg = Release|Any CPU
		{CC3B430F-9553-439D-BD37-2C8DFB174F69}.Release|Any CPU.Build.0 = Release|Any CPU
		{F663E3EF-ED7C-42B5-8EB1-2C1ACD5217FB}.Debug|Any CPU.ActiveCfg = Debug|Any CPU
		{F663E3EF-ED7C-42B5-8EB1-2C1ACD5217FB}.Debug|Any CPU.Build.0 = Debug|Any CPU
		{F663E3EF-ED7C-42B5-8EB1-2C1ACD5217FB}.Release|Any CPU.ActiveCfg = Release|Any CPU
		{F663E3EF-ED7C-42B5-8EB1-2C1ACD5217FB}.Release|Any CPU.Build.0 = Release|Any CPU
	EndGlobalSection
	GlobalSection(SolutionProperties) = preSolution
		HideSolutionNode = FALSE
	EndGlobalSection
	GlobalSection(NestedProjects) = preSolution
		{F73DF00B-62B0-4C62-A490-46459942B016} = {65F7DD18-1995-40DD-ABAD-FAF8D2C91289}
		{17B21A07-9ECE-4A4B-93FA-23E880CB0D42} = {F73DF00B-62B0-4C62-A490-46459942B016}
		{B1CF60E9-4828-452F-83CE-79D55BC0FAC9} = {F73DF00B-62B0-4C62-A490-46459942B016}
		{13A5FC9C-80D0-4782-B027-D24610B4F88D} = {F73DF00B-62B0-4C62-A490-46459942B016}
		{C1F18609-AB93-4D41-9E56-80B486934FEE} = {F73DF00B-62B0-4C62-A490-46459942B016}
		{941C8676-1BDC-42DA-A3B3-558F534EB8AC} = {F73DF00B-62B0-4C62-A490-46459942B016}
		{C0898345-6C59-4022-8F52-C4AAF1259EF1} = {F73DF00B-62B0-4C62-A490-46459942B016}
		{3499EE78-C9EA-4877-859F-70FF0C75784F} = {65F7DD18-1995-40DD-ABAD-FAF8D2C91289}
		{3F9133A2-10E1-4EFE-BFF4-A8EDA1D64CEC} = {3499EE78-C9EA-4877-859F-70FF0C75784F}
		{C2D59E6A-69CC-4E16-BF27-41AB4818C455} = {3499EE78-C9EA-4877-859F-70FF0C75784F}
		{5CB4E689-D9FC-4E4A-AA85-AE2CAC9164CE} = {3499EE78-C9EA-4877-859F-70FF0C75784F}
		{6B8C0291-EDEF-4151-A4FE-10454EFE25FF} = {3499EE78-C9EA-4877-859F-70FF0C75784F}
		{9A599650-8B75-4CD4-AAAC-630E25A870F9} = {3499EE78-C9EA-4877-859F-70FF0C75784F}
		{E6E83A97-C7E2-44EB-A015-190A8D4AB46A} = {3499EE78-C9EA-4877-859F-70FF0C75784F}
		{8623BCA6-A17D-4507-9F17-EB96013CF05C} = {F73DF00B-62B0-4C62-A490-46459942B016}
		{F4D99743-2981-4E27-98D7-09621FC3ECC7} = {3499EE78-C9EA-4877-859F-70FF0C75784F}
		{6FFA96F7-AEAC-4D15-8FDE-09682815D20B} = {65F7DD18-1995-40DD-ABAD-FAF8D2C91289}
		{D5CA2B52-A1D9-4805-9A78-7D328510A92C} = {6FFA96F7-AEAC-4D15-8FDE-09682815D20B}
		{0D1DE717-77C8-45DB-B905-E41E49245742} = {6FFA96F7-AEAC-4D15-8FDE-09682815D20B}
		{AF0D39C7-08E9-4701-B621-7B603178D337} = {6FFA96F7-AEAC-4D15-8FDE-09682815D20B}
		{0FB3F652-2884-4D86-B089-8CB779055332} = {6FFA96F7-AEAC-4D15-8FDE-09682815D20B}
		{CC3B430F-9553-439D-BD37-2C8DFB174F69} = {6FFA96F7-AEAC-4D15-8FDE-09682815D20B}
		{C7222EFE-F165-48C4-9888-A80FD5652D1B} = {65F7DD18-1995-40DD-ABAD-FAF8D2C91289}
		{F663E3EF-ED7C-42B5-8EB1-2C1ACD5217FB} = {C7222EFE-F165-48C4-9888-A80FD5652D1B}
	EndGlobalSection
	GlobalSection(ExtensibilityGlobals) = postSolution
		SolutionGuid = {E9F7522F-4DCC-4481-B7B7-488CF1E7E12F}
	EndGlobalSection
EndGlobal
